
Microsoft Visual Studio Solution File, Format Version 12.00
# Visual Studio Version 16
VisualStudioVersion = 16.0.30804.86
MinimumVisualStudioVersion = 10.0.40219.1
Project("{FAE04EC0-301F-11D3-BF4B-00C04F79EFBC}") = "WebScraping.WebUI", "WebScraping.WebUI\WebScraping.WebUI.csproj", "{5D1CB793-86E5-4534-92A5-3E0C610DBA1F}"
EndProject
Project("{FAE04EC0-301F-11D3-BF4B-00C04F79EFBC}") = "WebScraping.Entity", "WebScraping.Entity\WebScraping.Entity.csproj", "{1C5C5E9F-5F85-46AA-814A-EE9167D32578}"
EndProject
Project("{FAE04EC0-301F-11D3-BF4B-00C04F79EFBC}") = "WebScraping.Data", "WebScraping.Data\WebScraping.Data.csproj", "{B228D545-71E5-4BBC-A6AB-7FA8A1D6561D}"
EndProject
Project("{FAE04EC0-301F-11D3-BF4B-00C04F79EFBC}") = "WebScraping.Business", "WebScraping.Business\WebScraping.Business.csproj", "{D7514F7A-55E5-4DDB-A3D3-75CEF80ECA96}"
EndProject
Global
	GlobalSection(SolutionConfigurationPlatforms) = preSolution
		Debug|Any CPU = Debug|Any CPU
		Release|Any CPU = Release|Any CPU
	EndGlobalSection
	GlobalSection(ProjectConfigurationPlatforms) = postSolution
		{5D1CB793-86E5-4534-92A5-3E0C610DBA1F}.Debug|Any CPU.ActiveCfg = Debug|Any CPU
		{5D1CB793-86E5-4534-92A5-3E0C610DBA1F}.Debug|Any CPU.Build.0 = Debug|Any CPU
		{5D1CB793-86E5-4534-92A5-3E0C610DBA1F}.Release|Any CPU.ActiveCfg = Release|Any CPU
		{5D1CB793-86E5-4534-92A5-3E0C610DBA1F}.Release|Any CPU.Build.0 = Release|Any CPU
		{1C5C5E9F-5F85-46AA-814A-EE9167D32578}.Debug|Any CPU.ActiveCfg = Debug|Any CPU
		{1C5C5E9F-5F85-46AA-814A-EE9167D32578}.Debug|Any CPU.Build.0 = Debug|Any CPU
		{1C5C5E9F-5F85-46AA-814A-EE9167D32578}.Release|Any CPU.ActiveCfg = Release|Any CPU
		{1C5C5E9F-5F85-46AA-814A-EE9167D32578}.Release|Any CPU.Build.0 = Release|Any CPU
		{B228D545-71E5-4BBC-A6AB-7FA8A1D6561D}.Debug|Any CPU.ActiveCfg = Debug|Any CPU
		{B228D545-71E5-4BBC-A6AB-7FA8A1D6561D}.Debug|Any CPU.Build.0 = Debug|Any CPU
		{B228D545-71E5-4BBC-A6AB-7FA8A1D6561D}.Release|Any CPU.ActiveCfg = Release|Any CPU
		{B228D545-71E5-4BBC-A6AB-7FA8A1D6561D}.Release|Any CPU.Build.0 = Release|Any CPU
		{D7514F7A-55E5-4DDB-A3D3-75CEF80ECA96}.Debug|Any CPU.ActiveCfg = Debug|Any CPU
		{D7514F7A-55E5-4DDB-A3D3-75CEF80ECA96}.Debug|Any CPU.Build.0 = Debug|Any CPU
		{D7514F7A-55E5-4DDB-A3D3-75CEF80ECA96}.Release|Any CPU.ActiveCfg = Release|Any CPU
		{D7514F7A-55E5-4DDB-A3D3-75CEF80ECA96}.Release|Any CPU.Build.0 = Release|Any CPU
	EndGlobalSection
	GlobalSection(SolutionProperties) = preSolution
		HideSolutionNode = FALSE
	EndGlobalSection
	GlobalSection(ExtensibilityGlobals) = postSolution
		SolutionGuid = {33C1FA05-A0E0-48B0-9FFB-3F896B2AFAE2}
	EndGlobalSection
EndGlobal
